
Microsoft Visual Studio Solution File, Format Version 12.00
# Visual Studio Version 16
VisualStudioVersion = 16.0.30717.126
MinimumVisualStudioVersion = 10.0.40219.1
Project("{9A19103F-16F7-4668-BE54-9A1E7A4F7556}") = "DungeonCrawler.Presentation", "DungeonCrawler.Presentation\DungeonCrawler.Presentation.csproj", "{C9B4C9C8-C189-4A7A-B5B0-4EC44B651C6D}"
EndProject
Project("{9A19103F-16F7-4668-BE54-9A1E7A4F7556}") = "DungeonCrawler.Domain", "DungeonCrawler.Domain\DungeonCrawler.Domain.csproj", "{D8CE62C4-9E74-4C3A-B1C2-7E2A66F6482B}"
EndProject
Project("{9A19103F-16F7-4668-BE54-9A1E7A4F7556}") = "DungeonCrawler.Data", "DungeonCrawler.Data\DungeonCrawler.Data.csproj", "{0F59E658-5B6F-4823-BB25-840B95D4CCCD}"
EndProject
Global
	GlobalSection(SolutionConfigurationPlatforms) = preSolution
		Debug|Any CPU = Debug|Any CPU
		Release|Any CPU = Release|Any CPU
	EndGlobalSection
	GlobalSection(ProjectConfigurationPlatforms) = postSolution
		{C9B4C9C8-C189-4A7A-B5B0-4EC44B651C6D}.Debug|Any CPU.ActiveCfg = Debug|Any CPU
		{C9B4C9C8-C189-4A7A-B5B0-4EC44B651C6D}.Debug|Any CPU.Build.0 = Debug|Any CPU
		{C9B4C9C8-C189-4A7A-B5B0-4EC44B651C6D}.Release|Any CPU.ActiveCfg = Release|Any CPU
		{C9B4C9C8-C189-4A7A-B5B0-4EC44B651C6D}.Release|Any CPU.Build.0 = Release|Any CPU
		{D8CE62C4-9E74-4C3A-B1C2-7E2A66F6482B}.Debug|Any CPU.ActiveCfg = Debug|Any CPU
		{D8CE62C4-9E74-4C3A-B1C2-7E2A66F6482B}.Debug|Any CPU.Build.0 = Debug|Any CPU
		{D8CE62C4-9E74-4C3A-B1C2-7E2A66F6482B}.Release|Any CPU.ActiveCfg = Release|Any CPU
		{D8CE62C4-9E74-4C3A-B1C2-7E2A66F6482B}.Release|Any CPU.Build.0 = Release|Any CPU
		{0F59E658-5B6F-4823-BB25-840B95D4CCCD}.Debug|Any CPU.ActiveCfg = Debug|Any CPU
		{0F59E658-5B6F-4823-BB25-840B95D4CCCD}.Debug|Any CPU.Build.0 = Debug|Any CPU
		{0F59E658-5B6F-4823-BB25-840B95D4CCCD}.Release|Any CPU.ActiveCfg = Release|Any CPU
		{0F59E658-5B6F-4823-BB25-840B95D4CCCD}.Release|Any CPU.Build.0 = Release|Any CPU
	EndGlobalSection
	GlobalSection(SolutionProperties) = preSolution
		HideSolutionNode = FALSE
	EndGlobalSection
	GlobalSection(ExtensibilityGlobals) = postSolution
		SolutionGuid = {5EAFB4A5-C999-4E7A-B556-D1F802FC24EF}
	EndGlobalSection
EndGlobal
